Microsoft Visual Studio Solution File, Format Version 8.00
Project("{8BC9CEB8-8B4A-11D0-8D11-00A0C91BC942}") = "Mirv Demo Tool", "dll\Mirv Demo Tools.vcproj", "{B5B38F84-EE5E-4B8E-A0B3-5AE3DC669896}"
	ProjectSection(ProjectDependencies) = postProject
	EndProjectSection
EndProject
Project("{8BC9CEB8-8B4A-11D0-8D11-00A0C91BC942}") = "MDTLoader", "exe\MDTLoader.vcproj", "{ED914089-6510-4418-B994-F05D397907AE}"
	ProjectSection(ProjectDependencies) = postProject
	EndProjectSection
EndProject
Project("{8BC9CEB8-8B4A-11D0-8D11-00A0C91BC942}") = "rcstamp", "rcstamp\rcstamp.vcproj", "{0AC711F3-F9E4-4CDD-969A-BA73A281A06C}"
	ProjectSection(ProjectDependencies) = postProject
	EndProjectSection
EndProject
Global
	GlobalSection(SolutionConfiguration) = preSolution
		Debug = Debug
		Release = Release
	EndGlobalSection
	GlobalSection(ProjectDependencies) = postSolution
	EndGlobalSection
	GlobalSection(ProjectConfiguration) = postSolution
		{B5B38F84-EE5E-4B8E-A0B3-5AE3DC669896}.Debug.ActiveCfg = Release|Win32
		{B5B38F84-EE5E-4B8E-A0B3-5AE3DC669896}.Debug.Build.0 = Release|Win32
		{B5B38F84-EE5E-4B8E-A0B3-5AE3DC669896}.Release.ActiveCfg = Release|Win32
		{B5B38F84-EE5E-4B8E-A0B3-5AE3DC669896}.Release.Build.0 = Release|Win32
		{ED914089-6510-4418-B994-F05D397907AE}.Debug.ActiveCfg = Release|Win32
		{ED914089-6510-4418-B994-F05D397907AE}.Debug.Build.0 = Release|Win32
		{ED914089-6510-4418-B994-F05D397907AE}.Release.ActiveCfg = Release|Win32
		{ED914089-6510-4418-B994-F05D397907AE}.Release.Build.0 = Release|Win32
		{0AC711F3-F9E4-4CDD-969A-BA73A281A06C}.Debug.ActiveCfg = Debug|Win32
		{0AC711F3-F9E4-4CDD-969A-BA73A281A06C}.Debug.Build.0 = Debug|Win32
		{0AC711F3-F9E4-4CDD-969A-BA73A281A06C}.Release.ActiveCfg = Release|Win32
		{0AC711F3-F9E4-4CDD-969A-BA73A281A06C}.Release.Build.0 = Release|Win32
	EndGlobalSection
	GlobalSection(SolutionItems) = postSolution
		resources\changelog.txt = resources\changelog.txt
		info.txt = info.txt
		resources\mdt_addresses.ini = resources\mdt_addresses.ini
		resources\readme.txt = resources\readme.txt
	EndGlobalSection
	GlobalSection(ExtensibilityGlobals) = postSolution
	EndGlobalSection
	GlobalSection(ExtensibilityAddIns) = postSolution
	EndGlobalSection
EndGlobal
