Microsoft Visual Studio Solution File, Format Version 9.00
# Visual Studio 2005
Project("{8BC9CEB8-8B4A-11D0-8D11-00A0C91BC942}") = "Mirv Demo Tool", "dll\Mirv Demo Tools.vcproj", "{B5B38F84-EE5E-4B8E-A0B3-5AE3DC669896}"
EndProject
Project("{8BC9CEB8-8B4A-11D0-8D11-00A0C91BC942}") = "MDTLoader", "exe\MDTLoader.vcproj", "{ED914089-6510-4418-B994-F05D397907AE}"
EndProject
Project("{8BC9CEB8-8B4A-11D0-8D11-00A0C91BC942}") = "rcstamp", "rcstamp\rcstamp.vcproj", "{0AC711F3-F9E4-4CDD-969A-BA73A281A06C}"
EndProject
Project("{2150E333-8FDC-42A3-9474-1A3956D46DE8}") = "Solution Items", "Solution Items", "{89F04152-3DF3-4C02-9AA4-97195E909EB3}"
	ProjectSection(SolutionItems) = preProject
		resources\changelog.txt = resources\changelog.txt
		info.txt = info.txt
		resources\mdt_addresses.ini = resources\mdt_addresses.ini
		resources\readme.txt = resources\readme.txt
	EndProjectSection
EndProject
Project("{2150E333-8FDC-42A3-9474-1A3956D46DE8}") = "shared", "shared", "{9EFD84D5-DFA9-4A6C-8148-EAF559459BCD}"
EndProject
Project("{2150E333-8FDC-42A3-9474-1A3956D46DE8}") = "com", "com", "{AF538BB2-FD7C-4431-8150-097D24116F54}"
	ProjectSection(SolutionItems) = preProject
		shared\com\basecom.h = shared\com\basecom.h
	EndProjectSection
EndProject
Project("{8BC9CEB8-8B4A-11D0-8D11-00A0C91BC942}") = "Half-Life Advanced Effects", "gui\gui.vcproj", "{6083B0F5-854B-4DC9-B2AD-B983384ECA10}"
EndProject
Project("{2150E333-8FDC-42A3-9474-1A3956D46DE8}") = "hldemo", "hldemo", "{957E0AB9-4E42-443E-A2B5-F2A7B53759CB}"
	ProjectSection(SolutionItems) = preProject
		shared\hldemo\hldemo.h = shared\hldemo\hldemo.h
	EndProjectSection
EndProject
Project("{2150E333-8FDC-42A3-9474-1A3956D46DE8}") = "ogl", "ogl", "{F6904D1D-6A7D-49C3-808A-4E7DCE01815A}"
	ProjectSection(SolutionItems) = preProject
		shared\ogl\glext.h = shared\ogl\glext.h
	EndProjectSection
EndProject
Global
	GlobalSection(SolutionConfigurationPlatforms) = preSolution
		Debug|Win32 = Debug|Win32
		Release|Win32 = Release|Win32
	EndGlobalSection
	GlobalSection(ProjectConfigurationPlatforms) = postSolution
		{B5B38F84-EE5E-4B8E-A0B3-5AE3DC669896}.Debug|Win32.ActiveCfg = Debug|Win32
		{B5B38F84-EE5E-4B8E-A0B3-5AE3DC669896}.Debug|Win32.Build.0 = Debug|Win32
		{B5B38F84-EE5E-4B8E-A0B3-5AE3DC669896}.Release|Win32.ActiveCfg = Debug|Win32
		{B5B38F84-EE5E-4B8E-A0B3-5AE3DC669896}.Release|Win32.Build.0 = Debug|Win32
		{ED914089-6510-4418-B994-F05D397907AE}.Debug|Win32.ActiveCfg = Debug|Win32
		{ED914089-6510-4418-B994-F05D397907AE}.Debug|Win32.Build.0 = Debug|Win32
		{ED914089-6510-4418-B994-F05D397907AE}.Release|Win32.ActiveCfg = Debug|Win32
		{ED914089-6510-4418-B994-F05D397907AE}.Release|Win32.Build.0 = Debug|Win32
		{0AC711F3-F9E4-4CDD-969A-BA73A281A06C}.Debug|Win32.ActiveCfg = Debug|Win32
		{0AC711F3-F9E4-4CDD-969A-BA73A281A06C}.Debug|Win32.Build.0 = Debug|Win32
		{0AC711F3-F9E4-4CDD-969A-BA73A281A06C}.Release|Win32.ActiveCfg = Debug|Win32
		{0AC711F3-F9E4-4CDD-969A-BA73A281A06C}.Release|Win32.Build.0 = Debug|Win32
		{6083B0F5-854B-4DC9-B2AD-B983384ECA10}.Debug|Win32.ActiveCfg = Debug|Win32
		{6083B0F5-854B-4DC9-B2AD-B983384ECA10}.Debug|Win32.Build.0 = Debug|Win32
		{6083B0F5-854B-4DC9-B2AD-B983384ECA10}.Release|Win32.ActiveCfg = Debug|Win32
		{6083B0F5-854B-4DC9-B2AD-B983384ECA10}.Release|Win32.Build.0 = Debug|Win32
	EndGlobalSection
	GlobalSection(SolutionProperties) = preSolution
		HideSolutionNode = FALSE
	EndGlobalSection
	GlobalSection(NestedProjects) = preSolution
		{AF538BB2-FD7C-4431-8150-097D24116F54} = {9EFD84D5-DFA9-4A6C-8148-EAF559459BCD}
		{957E0AB9-4E42-443E-A2B5-F2A7B53759CB} = {9EFD84D5-DFA9-4A6C-8148-EAF559459BCD}
		{F6904D1D-6A7D-49C3-808A-4E7DCE01815A} = {9EFD84D5-DFA9-4A6C-8148-EAF559459BCD}
	EndGlobalSection
EndGlobal
