<?xml version="1.0" encoding="utf-8"?>
<Project ToolsVersion="4.0" xmlns="http://schemas.microsoft.com/developer/msbuild/2003">
  <ItemGroup>
    <Filter Include="hlae">
      <UniqueIdentifier>{72915fd9-dd1d-40e8-b7f2-8372461ecb68}</UniqueIdentifier>
    </Filter>
    <Filter Include="hlae\controls">
      <UniqueIdentifier>{84339fc7-be4b-4442-aa9d-bee6d5633367}</UniqueIdentifier>
    </Filter>
    <Filter Include="hlae\forms">
      <UniqueIdentifier>{55f3d361-b1b3-400e-9269-fc315f14ad47}</UniqueIdentifier>
    </Filter>
    <Filter Include="hlae\resources">
      <UniqueIdentifier>{3a034cee-40e9-4669-b26e-210a1ac36194}</UniqueIdentifier>
    </Filter>
    <Filter Include="hlae\system">
      <UniqueIdentifier>{1996e872-98f4-4a39-9669-fc4299624b03}</UniqueIdentifier>
    </Filter>
    <Filter Include="hlae\tools">
      <UniqueIdentifier>{14a0f54f-af1c-429e-a2c2-b0cdd5ff1d32}</UniqueIdentifier>
    </Filter>
    <Filter Include="hlae\tools\skymanager">
      <UniqueIdentifier>{c926de69-cf11-4d5b-9c25-6e440f897ee2}</UniqueIdentifier>
    </Filter>
    <Filter Include="hlae\tools\customloader">
      <UniqueIdentifier>{9ebe5904-265a-4d68-9138-8c7cec8c976e}</UniqueIdentifier>
    </Filter>
    <Filter Include="hlae\tools\demotools">
      <UniqueIdentifier>{77ac5c90-0fb1-4e29-99b0-6596bd6df8a2}</UniqueIdentifier>
    </Filter>
    <Filter Include="hlae\AfxGoldSrc">
      <UniqueIdentifier>{a12ad30a-5b33-458b-aa83-4a2f95caa7dd}</UniqueIdentifier>
    </Filter>
    <Filter Include="shared">
      <UniqueIdentifier>{b9581b50-afd6-4db6-9019-ae6f2bf8218f}</UniqueIdentifier>
    </Filter>
    <Filter Include="shared\com">
      <UniqueIdentifier>{3d7cfc46-740a-4242-976e-5500577e38b6}</UniqueIdentifier>
    </Filter>
    <Filter Include="shared\hldemo">
      <UniqueIdentifier>{520a6640-fd55-4e10-9f2b-8bacec0af576}</UniqueIdentifier>
    </Filter>
  </ItemGroup>
  <ItemGroup>
    <ClCompile Include="AssemblyInfo.cpp">
      <Filter>hlae</Filter>
    </ClCompile>
    <ClCompile Include="main.cpp">
      <Filter>hlae</Filter>
    </ClCompile>
    <ClCompile Include="stdafx.cpp">
      <Filter>hlae</Filter>
    </ClCompile>
    <ClCompile Include="controls\HlaeConsole.cpp">
      <Filter>hlae\controls</Filter>
    </ClCompile>
    <ClCompile Include="forms\Launcher.cpp">
      <Filter>hlae\forms</Filter>
    </ClCompile>
    <ClCompile Include="forms\MainForm.cpp">
      <Filter>hlae\forms</Filter>
    </ClCompile>
    <ClCompile Include="AfxDocking.cpp">
      <Filter>hlae\system</Filter>
    </ClCompile>
    <ClCompile Include="system\debug.cpp">
      <Filter>hlae\system</Filter>
    </ClCompile>
    <ClCompile Include="system\debug_file.cpp">
      <Filter>hlae\system</Filter>
    </ClCompile>
    <ClCompile Include="system\loader.cpp">
      <Filter>hlae\system</Filter>
    </ClCompile>
    <ClCompile Include="system\updater.cpp">
      <Filter>hlae\system</Filter>
    </ClCompile>
    <ClCompile Include="tools\skymanager\skymanager.cpp">
      <Filter>hlae\tools\skymanager</Filter>
    </ClCompile>
    <ClCompile Include="tools\customloader\CustomLoader.cpp">
      <Filter>hlae\tools\customloader</Filter>
    </ClCompile>
    <ClCompile Include="tools\demotools\demotools.cpp">
      <Filter>hlae\tools\demotools</Filter>
    </ClCompile>
    <ClCompile Include="tools\demotools\DemoToolsProgressForm.cpp">
      <Filter>hlae\tools\demotools</Filter>
    </ClCompile>
    <ClCompile Include="tools\demotools\demotoolswizard.cpp">
      <Filter>hlae\tools\demotools</Filter>
    </ClCompile>
    <ClCompile Include="AfxGoldSrc\AfxGoldSrc.cpp">
      <Filter>hlae\AfxGoldSrc</Filter>
    </ClCompile>
    <ClCompile Include="AfxGoldSrc\AfxGoldSrcComServer.cpp">
      <Filter>hlae\AfxGoldSrc</Filter>
    </ClCompile>
    <ClCompile Include="..\shared\com\PipeCom.cpp">
      <Filter>shared\com</Filter>
    </ClCompile>
  </ItemGroup>
  <ItemGroup>
    <ClInclude Include="stdafx.h">
      <Filter>hlae</Filter>
    </ClInclude>
    <ClInclude Include="controls\HlaeConsole.h">
      <Filter>hlae\controls</Filter>
    </ClInclude>
    <ClInclude Include="forms\Calculator.h">
      <Filter>hlae\forms</Filter>
    </ClInclude>
    <ClInclude Include="forms\Launcher.h">
      <Filter>hlae\forms</Filter>
    </ClInclude>
    <ClInclude Include="forms\MainForm.h">
      <Filter>hlae\forms</Filter>
    </ClInclude>
    <ClInclude Include="forms\OverwriteDialog.h">
      <Filter>hlae\forms</Filter>
    </ClInclude>
    <ClInclude Include="resources\resource.h">
      <Filter>hlae\resources</Filter>
    </ClInclude>
    <ClInclude Include="AfxDocking.h">
      <Filter>hlae\system</Filter>
    </ClInclude>
    <ClInclude Include="system\config.h">
      <Filter>hlae\system</Filter>
    </ClInclude>
    <ClInclude Include="system\debug.h">
      <Filter>hlae\system</Filter>
    </ClInclude>
    <ClInclude Include="system\debug_file.h">
      <Filter>hlae\system</Filter>
    </ClInclude>
    <ClInclude Include="system\globals.h">
      <Filter>hlae\system</Filter>
    </ClInclude>
    <ClInclude Include="system\loader.h">
      <Filter>hlae\system</Filter>
    </ClInclude>
    <ClInclude Include="system\remoting.h">
      <Filter>hlae\system</Filter>
    </ClInclude>
    <ClInclude Include="system\updater.h">
      <Filter>hlae\system</Filter>
    </ClInclude>
    <ClInclude Include="tools\skymanager\skymanager.h">
      <Filter>hlae\tools\skymanager</Filter>
    </ClInclude>
    <ClInclude Include="tools\customloader\CustomLoader.h">
      <Filter>hlae\tools\customloader</Filter>
    </ClInclude>
    <ClInclude Include="tools\customloader\CustomLoaderForm.h">
      <Filter>hlae\tools\customloader</Filter>
    </ClInclude>
    <ClInclude Include="tools\demotools\demotools.h">
      <Filter>hlae\tools\demotools</Filter>
    </ClInclude>
    <ClInclude Include="tools\demotools\DemoToolsProgressForm.h">
      <Filter>hlae\tools\demotools</Filter>
    </ClInclude>
    <ClInclude Include="tools\demotools\DemoToolsWiz1.h">
      <Filter>hlae\tools\demotools</Filter>
    </ClInclude>
    <ClInclude Include="tools\demotools\DemoToolsWiz2.h">
      <Filter>hlae\tools\demotools</Filter>
    </ClInclude>
    <ClInclude Include="tools\demotools\DemoToolsWiz3.h">
      <Filter>hlae\tools\demotools</Filter>
    </ClInclude>
    <ClInclude Include="tools\demotools\demotoolswizard.h">
      <Filter>hlae\tools\demotools</Filter>
    </ClInclude>
    <ClInclude Include="AfxGoldSrc\AfxGoldSrc.h">
      <Filter>hlae\AfxGoldSrc</Filter>
    </ClInclude>
    <ClInclude Include="AfxGoldSrc\AfxGoldSrcComServer.h">
      <Filter>hlae\AfxGoldSrc</Filter>
    </ClInclude>
    <ClInclude Include="..\shared\com\AfxGoldSrcComDefs.h">
      <Filter>shared\com</Filter>
    </ClInclude>
    <ClInclude Include="..\shared\com\PipeCom.h">
      <Filter>shared\com</Filter>
    </ClInclude>
    <ClInclude Include="..\shared\hldemo\hldemo.h">
      <Filter>shared\hldemo</Filter>
    </ClInclude>
    <ClInclude Include="..\shared\hldemo\hldemo_clr.h">
      <Filter>shared\hldemo</Filter>
    </ClInclude>
  </ItemGroup>
  <ItemGroup>
    <None Include="resources\app.ico">
      <Filter>hlae\resources</Filter>
    </None>
  </ItemGroup>
  <ItemGroup>
    <ResourceCompile Include="resources\app.rc">
      <Filter>hlae\resources</Filter>
    </ResourceCompile>
  </ItemGroup>
  <ItemGroup>
    <EmbeddedResource Include="tools\skymanager\skymanager.resx" />
    <EmbeddedResource Include="forms\Calculator.resx">
      <Filter>hlae\forms</Filter>
    </EmbeddedResource>
    <EmbeddedResource Include="tools\customloader\CustomLoaderForm.resx">
      <Filter>hlae\tools\customloader</Filter>
    </EmbeddedResource>
    <EmbeddedResource Include="tools\demotools\DemoToolsProgressForm.resx">
      <Filter>hlae\tools\demotools</Filter>
    </EmbeddedResource>
    <EmbeddedResource Include="tools\demotools\DemoToolsWiz3.resx">
      <Filter>hlae\tools\demotools</Filter>
    </EmbeddedResource>
    <EmbeddedResource Include="tools\demotools\DemoToolsWiz1.resx">
      <Filter>hlae\tools\demotools</Filter>
    </EmbeddedResource>
    <EmbeddedResource Include="tools\demotools\DemoToolsWiz2.resx">
      <Filter>hlae\tools\demotools</Filter>
    </EmbeddedResource>
    <EmbeddedResource Include="controls\HlaeConsole.resx">
      <Filter>hlae\controls</Filter>
    </EmbeddedResource>
    <EmbeddedResource Include="forms\Launcher.resx">
      <Filter>hlae\forms</Filter>
    </EmbeddedResource>
    <EmbeddedResource Include="forms\MainForm.resx">
      <Filter>hlae\forms</Filter>
    </EmbeddedResource>
    <EmbeddedResource Include="forms\OverwriteDialog.resx">
      <Filter>hlae\forms</Filter>
    </EmbeddedResource>
  </ItemGroup>
</Project>