<?xml version="1.0" encoding="utf-8"?>
<Project ToolsVersion="4.0" xmlns="http://schemas.microsoft.com/developer/msbuild/2003">
  <ItemGroup>
    <Filter Include="AfxHookSource">
      <UniqueIdentifier>{3f97863e-150a-40ba-9637-3339a961d0a5}</UniqueIdentifier>
    </Filter>
    <Filter Include="shared">
      <UniqueIdentifier>{2c2ebb9f-0d53-4964-9634-7d46c48d15f5}</UniqueIdentifier>
    </Filter>
    <Filter Include="shared\vcpp">
      <UniqueIdentifier>{e3023297-861a-49fe-96b9-a38e1f33d3b9}</UniqueIdentifier>
    </Filter>
    <Filter Include="shared\rapidxml">
      <UniqueIdentifier>{354e9d3b-f0ce-481c-afa3-245f414e0bb7}</UniqueIdentifier>
    </Filter>
    <Filter Include="shared\hooks">
      <UniqueIdentifier>{7c634ae7-379f-48e5-b446-bd992d03a428}</UniqueIdentifier>
    </Filter>
  </ItemGroup>
  <ItemGroup>
    <ClCompile Include="..\shared\bvhexport.cpp">
      <Filter>shared</Filter>
    </ClCompile>
    <ClCompile Include="..\shared\bvhimport.cpp">
      <Filter>shared</Filter>
    </ClCompile>
    <ClCompile Include="..\shared\detours.cpp">
      <Filter>shared</Filter>
    </ClCompile>
    <ClCompile Include="main.cpp">
      <Filter>AfxHookSource</Filter>
    </ClCompile>
    <ClCompile Include="MirvCommands.cpp">
      <Filter>AfxHookSource</Filter>
    </ClCompile>
    <ClCompile Include="RenderView.cpp">
      <Filter>AfxHookSource</Filter>
    </ClCompile>
    <ClCompile Include="SourceInterfaces.cpp">
      <Filter>AfxHookSource</Filter>
    </ClCompile>
    <ClCompile Include="WrpConsole.cpp">
      <Filter>AfxHookSource</Filter>
    </ClCompile>
    <ClCompile Include="WrpVEngineClient.cpp">
      <Filter>AfxHookSource</Filter>
    </ClCompile>
    <ClCompile Include="..\shared\StringTools.cpp">
      <Filter>shared</Filter>
    </ClCompile>
    <ClCompile Include="..\shared\vcpp\AfxAddr.cpp">
      <Filter>shared\vcpp</Filter>
    </ClCompile>
    <ClCompile Include="addresses.cpp">
      <Filter>AfxHookSource</Filter>
    </ClCompile>
    <ClCompile Include="WrpGlobals.cpp">
      <Filter>AfxHookSource</Filter>
    </ClCompile>
    <ClCompile Include="csgo_CHudDeathNotice.cpp">
      <Filter>AfxHookSource</Filter>
    </ClCompile>
    <ClCompile Include="..\shared\binutils.cpp">
      <Filter>shared</Filter>
    </ClCompile>
    <ClCompile Include="..\shared\AfxMath.cpp">
      <Filter>shared</Filter>
    </ClCompile>
    <ClCompile Include="..\shared\CamPath.cpp">
      <Filter>shared</Filter>
    </ClCompile>
    <ClCompile Include="csgo_GetPlayerName.cpp">
      <Filter>AfxHookSource</Filter>
    </ClCompile>
    <ClCompile Include="csgo_SndMixTimeScalePatch.cpp">
      <Filter>AfxHookSource</Filter>
    </ClCompile>
    <ClCompile Include="AfxHookSourceInput.cpp">
      <Filter>AfxHookSource</Filter>
    </ClCompile>
    <ClCompile Include="..\shared\hooks\gameOverlayRenderer.cpp">
      <Filter>shared\hooks</Filter>
    </ClCompile>
  </ItemGroup>
  <ItemGroup>
    <ClInclude Include="..\shared\bvhexport.h">
      <Filter>shared</Filter>
    </ClInclude>
    <ClInclude Include="..\shared\bvhimport.h">
      <Filter>shared</Filter>
    </ClInclude>
    <ClInclude Include="..\shared\detours.h">
      <Filter>shared</Filter>
    </ClInclude>
    <ClInclude Include="RenderView.h">
      <Filter>AfxHookSource</Filter>
    </ClInclude>
    <ClInclude Include="SourceInterfaces.h">
      <Filter>AfxHookSource</Filter>
    </ClInclude>
    <ClInclude Include="stdafx.h">
      <Filter>AfxHookSource</Filter>
    </ClInclude>
    <ClInclude Include="WrpConsole.h">
      <Filter>AfxHookSource</Filter>
    </ClInclude>
    <ClInclude Include="WrpVEngineClient.h">
      <Filter>AfxHookSource</Filter>
    </ClInclude>
    <ClInclude Include="..\shared\StringTools.h">
      <Filter>shared</Filter>
    </ClInclude>
    <ClInclude Include="..\shared\vcpp\AfxAddr.h">
      <Filter>shared\vcpp</Filter>
    </ClInclude>
    <ClInclude Include="addresses.h">
      <Filter>AfxHookSource</Filter>
    </ClInclude>
    <ClInclude Include="WrpGlobals.h">
      <Filter>AfxHookSource</Filter>
    </ClInclude>
    <ClInclude Include="csgo_CHudDeathNotice.h">
      <Filter>AfxHookSource</Filter>
    </ClInclude>
    <ClInclude Include="..\shared\binutils.h">
      <Filter>shared</Filter>
    </ClInclude>
    <ClInclude Include="..\shared\AfxMath.h">
      <Filter>shared</Filter>
    </ClInclude>
    <ClInclude Include="..\shared\CamPath.h">
      <Filter>shared</Filter>
    </ClInclude>
    <ClInclude Include="..\shared\rapidxml\rapidxml.hpp">
      <Filter>shared\rapidxml</Filter>
    </ClInclude>
    <ClInclude Include="..\shared\rapidxml\rapidxml_iterators.hpp">
      <Filter>shared\rapidxml</Filter>
    </ClInclude>
    <ClInclude Include="..\shared\rapidxml\rapidxml_print.hpp">
      <Filter>shared\rapidxml</Filter>
    </ClInclude>
    <ClInclude Include="..\shared\rapidxml\rapidxml_utils.hpp">
      <Filter>shared\rapidxml</Filter>
    </ClInclude>
    <ClInclude Include="csgo_GetPlayerName.h">
      <Filter>AfxHookSource</Filter>
    </ClInclude>
    <ClInclude Include="csgo_SndMixTimeScalePatch.h">
      <Filter>AfxHookSource</Filter>
    </ClInclude>
    <ClInclude Include="AfxHookSourceInput.h">
      <Filter>AfxHookSource</Filter>
    </ClInclude>
    <ClInclude Include="..\shared\hooks\gameOverlayRenderer.h">
      <Filter>shared\hooks</Filter>
    </ClInclude>
  </ItemGroup>
</Project>