<?xml version="1.0" encoding="utf-8"?>
<Project ToolsVersion="4.0" xmlns="http://schemas.microsoft.com/developer/msbuild/2003">
  <ItemGroup>
    <Filter Include="AfxHookSource">
      <UniqueIdentifier>{3f97863e-150a-40ba-9637-3339a961d0a5}</UniqueIdentifier>
    </Filter>
    <Filter Include="shared">
      <UniqueIdentifier>{2c2ebb9f-0d53-4964-9634-7d46c48d15f5}</UniqueIdentifier>
    </Filter>
    <Filter Include="shared\vcpp">
      <UniqueIdentifier>{e3023297-861a-49fe-96b9-a38e1f33d3b9}</UniqueIdentifier>
    </Filter>
  </ItemGroup>
  <ItemGroup>
    <ClCompile Include="..\shared\bvhexport.cpp">
      <Filter>shared</Filter>
    </ClCompile>
    <ClCompile Include="..\shared\bvhimport.cpp">
      <Filter>shared</Filter>
    </ClCompile>
    <ClCompile Include="..\shared\detours.cpp">
      <Filter>shared</Filter>
    </ClCompile>
    <ClCompile Include="main.cpp">
      <Filter>AfxHookSource</Filter>
    </ClCompile>
    <ClCompile Include="MirvCommands.cpp">
      <Filter>AfxHookSource</Filter>
    </ClCompile>
    <ClCompile Include="RenderView.cpp">
      <Filter>AfxHookSource</Filter>
    </ClCompile>
    <ClCompile Include="SourceInterfaces.cpp">
      <Filter>AfxHookSource</Filter>
    </ClCompile>
    <ClCompile Include="WrpConsole.cpp">
      <Filter>AfxHookSource</Filter>
    </ClCompile>
    <ClCompile Include="WrpVEngineClient.cpp">
      <Filter>AfxHookSource</Filter>
    </ClCompile>
    <ClCompile Include="..\shared\StringTools.cpp">
      <Filter>shared</Filter>
    </ClCompile>
    <ClCompile Include="..\shared\vcpp\AfxAddr.cpp">
      <Filter>shared\vcpp</Filter>
    </ClCompile>
    <ClCompile Include="addresses.cpp">
      <Filter>AfxHookSource</Filter>
    </ClCompile>
    <ClCompile Include="WrpGlobals.cpp">
      <Filter>AfxHookSource</Filter>
    </ClCompile>
  </ItemGroup>
  <ItemGroup>
    <ClInclude Include="..\shared\bvhexport.h">
      <Filter>shared</Filter>
    </ClInclude>
    <ClInclude Include="..\shared\bvhimport.h">
      <Filter>shared</Filter>
    </ClInclude>
    <ClInclude Include="..\shared\detours.h">
      <Filter>shared</Filter>
    </ClInclude>
    <ClInclude Include="RenderView.h">
      <Filter>AfxHookSource</Filter>
    </ClInclude>
    <ClInclude Include="SourceInterfaces.h">
      <Filter>AfxHookSource</Filter>
    </ClInclude>
    <ClInclude Include="stdafx.h">
      <Filter>AfxHookSource</Filter>
    </ClInclude>
    <ClInclude Include="WrpConsole.h">
      <Filter>AfxHookSource</Filter>
    </ClInclude>
    <ClInclude Include="WrpVEngineClient.h">
      <Filter>AfxHookSource</Filter>
    </ClInclude>
    <ClInclude Include="..\shared\StringTools.h">
      <Filter>shared</Filter>
    </ClInclude>
    <ClInclude Include="..\shared\vcpp\AfxAddr.h">
      <Filter>shared\vcpp</Filter>
    </ClInclude>
    <ClInclude Include="addresses.h">
      <Filter>AfxHookSource</Filter>
    </ClInclude>
    <ClInclude Include="WrpGlobals.h">
      <Filter>AfxHookSource</Filter>
    </ClInclude>
  </ItemGroup>
</Project>