<?xml version="1.0" encoding="utf-8"?>
<Project ToolsVersion="4.0" xmlns="http://schemas.microsoft.com/developer/msbuild/2003">
  <ItemGroup>
    <Filter Include="Source Files">
      <UniqueIdentifier>{4FC737F1-C7A5-4376-A066-2A32D752A2FF}</UniqueIdentifier>
      <Extensions>cpp;c;cc;cxx;def;odl;idl;hpj;bat;asm;asmx</Extensions>
    </Filter>
    <Filter Include="Header Files">
      <UniqueIdentifier>{93995380-89BD-4b04-88EB-625FBE52EBFB}</UniqueIdentifier>
      <Extensions>h;hpp;hxx;hm;inl;inc;xsd</Extensions>
    </Filter>
    <Filter Include="Resource Files">
      <UniqueIdentifier>{67DA6AB6-F800-4c08-8B7A-83BB121AAD01}</UniqueIdentifier>
      <Extensions>rc;ico;cur;bmp;dlg;rc2;rct;bin;rgs;gif;jpg;jpeg;jpe;resx;tiff;tif;png;wav;mfcribbon-ms</Extensions>
    </Filter>
    <Filter Include="shared">
      <UniqueIdentifier>{300fbe0b-2122-41c8-9516-e6bd455c32b7}</UniqueIdentifier>
    </Filter>
    <Filter Include="shared\vcpp">
      <UniqueIdentifier>{29a1ed9d-a9ca-496c-afda-e20184a5bff9}</UniqueIdentifier>
    </Filter>
  </ItemGroup>
  <ItemGroup>
    <ClInclude Include="stdafx.h">
      <Filter>Header Files</Filter>
    </ClInclude>
    <ClInclude Include="..\..\shared\vcpp\Ref.h">
      <Filter>shared\vcpp</Filter>
    </ClInclude>
    <ClInclude Include="..\..\shared\vcpp\Expressions.h">
      <Filter>shared\vcpp</Filter>
    </ClInclude>
    <ClInclude Include="..\..\shared\vcpp\Cursor.h">
      <Filter>shared\vcpp</Filter>
    </ClInclude>
  </ItemGroup>
  <ItemGroup>
    <ClCompile Include="stdafx.cpp">
      <Filter>Source Files</Filter>
    </ClCompile>
    <ClCompile Include="xpress.cpp">
      <Filter>Source Files</Filter>
    </ClCompile>
    <ClCompile Include="..\..\shared\vcpp\Ref.cpp">
      <Filter>shared\vcpp</Filter>
    </ClCompile>
    <ClCompile Include="..\..\shared\vcpp\Expressions.cpp">
      <Filter>shared\vcpp</Filter>
    </ClCompile>
    <ClCompile Include="..\..\shared\vcpp\Cursor.cpp">
      <Filter>shared\vcpp</Filter>
    </ClCompile>
  </ItemGroup>
</Project>