<?xml version="1.0" encoding="utf-8"?>
<Project ToolsVersion="4.0" xmlns="http://schemas.microsoft.com/developer/msbuild/2003">
  <ItemGroup>
    <Filter Include="hooks">
      <UniqueIdentifier>{e2406493-9258-43b4-a179-93be88389ebc}</UniqueIdentifier>
    </Filter>
    <Filter Include="hooks\AfxHookGoldSrc">
      <UniqueIdentifier>{0a3f7a39-87fc-4038-85aa-709bf2d77244}</UniqueIdentifier>
    </Filter>
    <Filter Include="hooks\AfxHookGoldSrc\modules">
      <UniqueIdentifier>{8e270edb-eea8-4868-ae86-e6ee864b4699}</UniqueIdentifier>
    </Filter>
    <Filter Include="hooks\AfxHookGoldSrc\hooks">
      <UniqueIdentifier>{1bc528f3-f592-4b42-a33b-b8fc93926d72}</UniqueIdentifier>
    </Filter>
    <Filter Include="hooks\AfxHookGoldSrc\hooks\client">
      <UniqueIdentifier>{71d70d49-8374-43cc-84a5-31145d28300a}</UniqueIdentifier>
    </Filter>
    <Filter Include="hooks\AfxHookGoldSrc\hooks\hw">
      <UniqueIdentifier>{30438562-965a-4236-905f-9b2d427620ae}</UniqueIdentifier>
    </Filter>
    <Filter Include="hooks\AfxHookGoldSrc\bits">
      <UniqueIdentifier>{1eedb489-9975-41da-9f38-30793d970ee4}</UniqueIdentifier>
    </Filter>
    <Filter Include="hooks\shared">
      <UniqueIdentifier>{32805ebf-8b73-4ad8-9fa7-84ac24d50773}</UniqueIdentifier>
    </Filter>
    <Filter Include="hooks\shared\com">
      <UniqueIdentifier>{76afe740-d0d3-43b3-abc9-d2fd95fba72d}</UniqueIdentifier>
    </Filter>
    <Filter Include="hooks\shared\hldemo">
      <UniqueIdentifier>{f109fb84-4139-47b9-beed-0cf2052be0ec}</UniqueIdentifier>
    </Filter>
    <Filter Include="hooks\shared\vcpp">
      <UniqueIdentifier>{949c2759-8fcb-4d06-9ae8-1405bf0c4b50}</UniqueIdentifier>
    </Filter>
  </ItemGroup>
  <ItemGroup>
    <ClCompile Include="AfxGoldSrcComClient.cpp">
      <Filter>hooks\AfxHookGoldSrc</Filter>
    </ClCompile>
    <ClCompile Include="aiming.cpp">
      <Filter>hooks\AfxHookGoldSrc</Filter>
    </ClCompile>
    <ClCompile Include="camexport.cpp">
      <Filter>hooks\AfxHookGoldSrc</Filter>
    </ClCompile>
    <ClCompile Include="camimport.cpp">
      <Filter>hooks\AfxHookGoldSrc</Filter>
    </ClCompile>
    <ClCompile Include="cmd_tools.cpp">
      <Filter>hooks\AfxHookGoldSrc</Filter>
    </ClCompile>
    <ClCompile Include="cstrike_ch.cpp">
      <Filter>hooks\AfxHookGoldSrc</Filter>
    </ClCompile>
    <ClCompile Include="cstrike_clientcolor.cpp">
      <Filter>hooks\AfxHookGoldSrc</Filter>
    </ClCompile>
    <ClCompile Include="cstrike_deathmsg.cpp">
      <Filter>hooks\AfxHookGoldSrc</Filter>
    </ClCompile>
    <ClCompile Include="cstrike_smoke.cpp">
      <Filter>hooks\AfxHookGoldSrc</Filter>
    </ClCompile>
    <ClCompile Include="decals_hook.cpp">
      <Filter>hooks\AfxHookGoldSrc</Filter>
    </ClCompile>
    <ClCompile Include="demo_tools.cpp">
      <Filter>hooks\AfxHookGoldSrc</Filter>
    </ClCompile>
    <ClCompile Include="demoeditfix.cpp">
      <Filter>hooks\AfxHookGoldSrc</Filter>
    </ClCompile>
    <ClCompile Include="demozoom.cpp">
      <Filter>hooks\AfxHookGoldSrc</Filter>
    </ClCompile>
    <ClCompile Include="EasySampler.cpp">
      <Filter>hooks\AfxHookGoldSrc</Filter>
    </ClCompile>
    <ClCompile Include="filetools.cpp">
      <Filter>hooks\AfxHookGoldSrc</Filter>
    </ClCompile>
    <ClCompile Include="film_sound.cpp">
      <Filter>hooks\AfxHookGoldSrc</Filter>
    </ClCompile>
    <ClCompile Include="filming.cpp">
      <Filter>hooks\AfxHookGoldSrc</Filter>
    </ClCompile>
    <ClCompile Include="forceres.cpp">
      <Filter>hooks\AfxHookGoldSrc</Filter>
    </ClCompile>
    <ClCompile Include="fx_noblend.cpp">
      <Filter>hooks\AfxHookGoldSrc</Filter>
    </ClCompile>
    <ClCompile Include="hl_addresses.cpp">
      <Filter>hooks\AfxHookGoldSrc</Filter>
    </ClCompile>
    <ClCompile Include="HltvFix.cpp">
      <Filter>hooks\AfxHookGoldSrc</Filter>
    </ClCompile>
    <ClCompile Include="InitScript.cpp">
      <Filter>hooks\AfxHookGoldSrc</Filter>
    </ClCompile>
    <ClCompile Include="main.cpp">
      <Filter>hooks\AfxHookGoldSrc</Filter>
    </ClCompile>
    <ClCompile Include="mdt_media.cpp">
      <Filter>hooks\AfxHookGoldSrc</Filter>
    </ClCompile>
    <ClCompile Include="mirv_commands.cpp">
      <Filter>hooks\AfxHookGoldSrc</Filter>
    </ClCompile>
    <ClCompile Include="mirv_glext.cpp">
      <Filter>hooks\AfxHookGoldSrc</Filter>
    </ClCompile>
    <ClCompile Include="mirv_info.cpp">
      <Filter>hooks\AfxHookGoldSrc</Filter>
    </ClCompile>
    <ClCompile Include="mirv_scripting.cpp">
      <Filter>hooks\AfxHookGoldSrc</Filter>
    </ClCompile>
    <ClCompile Include="newsky.cpp">
      <Filter>hooks\AfxHookGoldSrc</Filter>
    </ClCompile>
    <ClCompile Include="specmenu.cpp">
      <Filter>hooks\AfxHookGoldSrc</Filter>
    </ClCompile>
    <ClCompile Include="stdafx.cpp">
      <Filter>hooks\AfxHookGoldSrc</Filter>
    </ClCompile>
    <ClCompile Include="Store.cpp">
      <Filter>hooks\AfxHookGoldSrc</Filter>
    </ClCompile>
    <ClCompile Include="supportrender.cpp">
      <Filter>hooks\AfxHookGoldSrc</Filter>
    </ClCompile>
    <ClCompile Include="temporary_dominik_0004.cpp">
      <Filter>hooks\AfxHookGoldSrc</Filter>
    </ClCompile>
    <ClCompile Include="temporary_dominik_0005.cpp">
      <Filter>hooks\AfxHookGoldSrc</Filter>
    </ClCompile>
    <ClCompile Include="zooming.cpp">
      <Filter>hooks\AfxHookGoldSrc</Filter>
    </ClCompile>
    <ClCompile Include="modules\ModColor.cpp">
      <Filter>hooks\AfxHookGoldSrc\modules</Filter>
    </ClCompile>
    <ClCompile Include="modules\ModColor_S.cpp">
      <Filter>hooks\AfxHookGoldSrc\modules</Filter>
    </ClCompile>
    <ClCompile Include="modules\ModColorMask.cpp">
      <Filter>hooks\AfxHookGoldSrc\modules</Filter>
    </ClCompile>
    <ClCompile Include="modules\ModColorMask_S.cpp">
      <Filter>hooks\AfxHookGoldSrc\modules</Filter>
    </ClCompile>
    <ClCompile Include="modules\ModHide.cpp">
      <Filter>hooks\AfxHookGoldSrc\modules</Filter>
    </ClCompile>
    <ClCompile Include="modules\ModHide_S.cpp">
      <Filter>hooks\AfxHookGoldSrc\modules</Filter>
    </ClCompile>
    <ClCompile Include="modules\ModInfo.cpp">
      <Filter>hooks\AfxHookGoldSrc\modules</Filter>
    </ClCompile>
    <ClCompile Include="modules\ModInfo_S.cpp">
      <Filter>hooks\AfxHookGoldSrc\modules</Filter>
    </ClCompile>
    <ClCompile Include="modules\ModReplace.cpp">
      <Filter>hooks\AfxHookGoldSrc\modules</Filter>
    </ClCompile>
    <ClCompile Include="modules\ModReplace_S.cpp">
      <Filter>hooks\AfxHookGoldSrc\modules</Filter>
    </ClCompile>
    <ClCompile Include="hooks\gdi32Hooks.cpp">
      <Filter>hooks\AfxHookGoldSrc\hooks</Filter>
    </ClCompile>
    <ClCompile Include="hooks\HookGameLoaded.cpp">
      <Filter>hooks\AfxHookGoldSrc\hooks</Filter>
    </ClCompile>
    <ClCompile Include="hooks\HookHl.cpp">
      <Filter>hooks\AfxHookGoldSrc\hooks</Filter>
    </ClCompile>
    <ClCompile Include="hooks\HookHw.cpp">
      <Filter>hooks\AfxHookGoldSrc\hooks</Filter>
    </ClCompile>
    <ClCompile Include="hooks\OpenGl32Hooks.cpp">
      <Filter>hooks\AfxHookGoldSrc\hooks</Filter>
    </ClCompile>
    <ClCompile Include="hooks\user32Hooks.cpp">
      <Filter>hooks\AfxHookGoldSrc\hooks</Filter>
    </ClCompile>
    <ClCompile Include="hooks\hw\Host_Frame.cpp">
      <Filter>hooks\AfxHookGoldSrc\hooks\hw</Filter>
    </ClCompile>
    <ClCompile Include="hooks\hw\Mod_LeafPvs.cpp">
      <Filter>hooks\AfxHookGoldSrc\hooks\hw</Filter>
    </ClCompile>
    <ClCompile Include="hooks\hw\R_DrawEntitiesOnList.cpp">
      <Filter>hooks\AfxHookGoldSrc\hooks\hw</Filter>
    </ClCompile>
    <ClCompile Include="hooks\hw\R_DrawParticles.cpp">
      <Filter>hooks\AfxHookGoldSrc\hooks\hw</Filter>
    </ClCompile>
    <ClCompile Include="hooks\hw\R_DrawViewModel.cpp">
      <Filter>hooks\AfxHookGoldSrc\hooks\hw</Filter>
    </ClCompile>
    <ClCompile Include="hooks\hw\R_PolyBlend.cpp">
      <Filter>hooks\AfxHookGoldSrc\hooks\hw</Filter>
    </ClCompile>
    <ClCompile Include="bits\bits.cpp">
      <Filter>hooks\AfxHookGoldSrc\bits</Filter>
    </ClCompile>
    <ClCompile Include="..\shared\bvhexport.cpp">
      <Filter>hooks\shared</Filter>
    </ClCompile>
    <ClCompile Include="..\shared\bvhimport.cpp">
      <Filter>hooks\shared</Filter>
    </ClCompile>
    <ClCompile Include="..\shared\detours.cpp">
      <Filter>hooks\shared</Filter>
    </ClCompile>
    <ClCompile Include="..\shared\RawOutput.cpp">
      <Filter>hooks\shared</Filter>
    </ClCompile>
    <ClCompile Include="..\..\shared\StringTools.cpp">
      <Filter>hooks\shared</Filter>
    </ClCompile>
    <ClCompile Include="..\..\shared\com\PipeCom.cpp">
      <Filter>hooks\shared\com</Filter>
    </ClCompile>
    <ClCompile Include="..\..\shared\vcpp\Data.cpp">
      <Filter>hooks\shared\vcpp</Filter>
    </ClCompile>
    <ClCompile Include="..\..\shared\vcpp\GlImage.cpp">
      <Filter>hooks\shared\vcpp</Filter>
    </ClCompile>
    <ClCompile Include="..\..\shared\vcpp\Image.cpp">
      <Filter>hooks\shared\vcpp</Filter>
    </ClCompile>
    <ClCompile Include="..\..\shared\vcpp\Ref.cpp">
      <Filter>hooks\shared\vcpp</Filter>
    </ClCompile>
  </ItemGroup>
  <ItemGroup>
    <ClInclude Include="AfxGoldSrcComClient.h">
      <Filter>hooks\AfxHookGoldSrc</Filter>
    </ClInclude>
    <ClInclude Include="aiming.h">
      <Filter>hooks\AfxHookGoldSrc</Filter>
    </ClInclude>
    <ClInclude Include="camexport.h">
      <Filter>hooks\AfxHookGoldSrc</Filter>
    </ClInclude>
    <ClInclude Include="camimport.h">
      <Filter>hooks\AfxHookGoldSrc</Filter>
    </ClInclude>
    <ClInclude Include="cmd_tools.h">
      <Filter>hooks\AfxHookGoldSrc</Filter>
    </ClInclude>
    <ClInclude Include="cmdregister.h">
      <Filter>hooks\AfxHookGoldSrc</Filter>
    </ClInclude>
    <ClInclude Include="EasySampler.h">
      <Filter>hooks\AfxHookGoldSrc</Filter>
    </ClInclude>
    <ClInclude Include="filetools.h">
      <Filter>hooks\AfxHookGoldSrc</Filter>
    </ClInclude>
    <ClInclude Include="film_sound.h">
      <Filter>hooks\AfxHookGoldSrc</Filter>
    </ClInclude>
    <ClInclude Include="filming.h">
      <Filter>hooks\AfxHookGoldSrc</Filter>
    </ClInclude>
    <ClInclude Include="forceres.h">
      <Filter>hooks\AfxHookGoldSrc</Filter>
    </ClInclude>
    <ClInclude Include="hl_addresses.h">
      <Filter>hooks\AfxHookGoldSrc</Filter>
    </ClInclude>
    <ClInclude Include="hlsdk.h">
      <Filter>hooks\AfxHookGoldSrc</Filter>
    </ClInclude>
    <ClInclude Include="HltvFix.h">
      <Filter>hooks\AfxHookGoldSrc</Filter>
    </ClInclude>
    <ClInclude Include="InitScript.h">
      <Filter>hooks\AfxHookGoldSrc</Filter>
    </ClInclude>
    <ClInclude Include="mdt_media.h">
      <Filter>hooks\AfxHookGoldSrc</Filter>
    </ClInclude>
    <ClInclude Include="mirv_commands.h">
      <Filter>hooks\AfxHookGoldSrc</Filter>
    </ClInclude>
    <ClInclude Include="mirv_glext.h">
      <Filter>hooks\AfxHookGoldSrc</Filter>
    </ClInclude>
    <ClInclude Include="mirv_scripting.h">
      <Filter>hooks\AfxHookGoldSrc</Filter>
    </ClInclude>
    <ClInclude Include="newsky.h">
      <Filter>hooks\AfxHookGoldSrc</Filter>
    </ClInclude>
    <ClInclude Include="resource.h">
      <Filter>hooks\AfxHookGoldSrc</Filter>
    </ClInclude>
    <ClInclude Include="script.h">
      <Filter>hooks\AfxHookGoldSrc</Filter>
    </ClInclude>
    <ClInclude Include="stdafx.h">
      <Filter>hooks\AfxHookGoldSrc</Filter>
    </ClInclude>
    <ClInclude Include="Store.h">
      <Filter>hooks\AfxHookGoldSrc</Filter>
    </ClInclude>
    <ClInclude Include="supportrender.h">
      <Filter>hooks\AfxHookGoldSrc</Filter>
    </ClInclude>
    <ClInclude Include="zooming.h">
      <Filter>hooks\AfxHookGoldSrc</Filter>
    </ClInclude>
    <ClInclude Include="modules\ModColor.h">
      <Filter>hooks\AfxHookGoldSrc\modules</Filter>
    </ClInclude>
    <ClInclude Include="modules\ModColor_S.h">
      <Filter>hooks\AfxHookGoldSrc\modules</Filter>
    </ClInclude>
    <ClInclude Include="modules\ModColorMask.h">
      <Filter>hooks\AfxHookGoldSrc\modules</Filter>
    </ClInclude>
    <ClInclude Include="modules\ModColorMask_S.h">
      <Filter>hooks\AfxHookGoldSrc\modules</Filter>
    </ClInclude>
    <ClInclude Include="modules\ModHide.h">
      <Filter>hooks\AfxHookGoldSrc\modules</Filter>
    </ClInclude>
    <ClInclude Include="modules\ModHide_S.h">
      <Filter>hooks\AfxHookGoldSrc\modules</Filter>
    </ClInclude>
    <ClInclude Include="modules\ModInfo.h">
      <Filter>hooks\AfxHookGoldSrc\modules</Filter>
    </ClInclude>
    <ClInclude Include="modules\ModInfo_S.h">
      <Filter>hooks\AfxHookGoldSrc\modules</Filter>
    </ClInclude>
    <ClInclude Include="modules\ModReplace.h">
      <Filter>hooks\AfxHookGoldSrc\modules</Filter>
    </ClInclude>
    <ClInclude Include="modules\ModReplace_S.h">
      <Filter>hooks\AfxHookGoldSrc\modules</Filter>
    </ClInclude>
    <ClInclude Include="hooks\gdi32Hooks.h">
      <Filter>hooks\AfxHookGoldSrc\hooks</Filter>
    </ClInclude>
    <ClInclude Include="hooks\HookGameLoaded.h">
      <Filter>hooks\AfxHookGoldSrc\hooks</Filter>
    </ClInclude>
    <ClInclude Include="hooks\HookHl.h">
      <Filter>hooks\AfxHookGoldSrc\hooks</Filter>
    </ClInclude>
    <ClInclude Include="hooks\HookHw.h">
      <Filter>hooks\AfxHookGoldSrc\hooks</Filter>
    </ClInclude>
    <ClInclude Include="hooks\OpenGl32Hooks.h">
      <Filter>hooks\AfxHookGoldSrc\hooks</Filter>
    </ClInclude>
    <ClInclude Include="hooks\user32Hooks.h">
      <Filter>hooks\AfxHookGoldSrc\hooks</Filter>
    </ClInclude>
    <ClInclude Include="hooks\hw\Host_Frame.h">
      <Filter>hooks\AfxHookGoldSrc\hooks\hw</Filter>
    </ClInclude>
    <ClInclude Include="hooks\hw\Mod_LeafPvs.h">
      <Filter>hooks\AfxHookGoldSrc\hooks\hw</Filter>
    </ClInclude>
    <ClInclude Include="hooks\hw\R_DrawEntitiesOnList.h">
      <Filter>hooks\AfxHookGoldSrc\hooks\hw</Filter>
    </ClInclude>
    <ClInclude Include="hooks\hw\R_DrawParticles.h">
      <Filter>hooks\AfxHookGoldSrc\hooks\hw</Filter>
    </ClInclude>
    <ClInclude Include="hooks\hw\R_DrawViewModel.h">
      <Filter>hooks\AfxHookGoldSrc\hooks\hw</Filter>
    </ClInclude>
    <ClInclude Include="hooks\hw\R_PolyBlend.h">
      <Filter>hooks\AfxHookGoldSrc\hooks\hw</Filter>
    </ClInclude>
    <ClInclude Include="bits\bits.h">
      <Filter>hooks\AfxHookGoldSrc\bits</Filter>
    </ClInclude>
    <ClInclude Include="bits\bits_Js.h">
      <Filter>hooks\AfxHookGoldSrc\bits</Filter>
    </ClInclude>
    <ClInclude Include="..\shared\bvhexport.h">
      <Filter>hooks\shared</Filter>
    </ClInclude>
    <ClInclude Include="..\shared\bvhimport.h">
      <Filter>hooks\shared</Filter>
    </ClInclude>
    <ClInclude Include="..\shared\detours.h">
      <Filter>hooks\shared</Filter>
    </ClInclude>
    <ClInclude Include="..\shared\RawOutput.h">
      <Filter>hooks\shared</Filter>
    </ClInclude>
    <ClInclude Include="..\..\shared\StringTools.h">
      <Filter>hooks\shared</Filter>
    </ClInclude>
    <ClInclude Include="..\..\shared\com\AfxGoldSrcComDefs.h">
      <Filter>hooks\shared\com</Filter>
    </ClInclude>
    <ClInclude Include="..\..\shared\com\PipeCom.h">
      <Filter>hooks\shared\com</Filter>
    </ClInclude>
    <ClInclude Include="..\..\shared\hldemo\hldemo.h">
      <Filter>hooks\shared\hldemo</Filter>
    </ClInclude>
    <ClInclude Include="..\..\shared\vcpp\Data.h">
      <Filter>hooks\shared\vcpp</Filter>
    </ClInclude>
    <ClInclude Include="..\..\shared\vcpp\GlImage.h">
      <Filter>hooks\shared\vcpp</Filter>
    </ClInclude>
    <ClInclude Include="..\..\shared\vcpp\Image.h">
      <Filter>hooks\shared\vcpp</Filter>
    </ClInclude>
    <ClInclude Include="..\..\shared\vcpp\Ref.h">
      <Filter>hooks\shared\vcpp</Filter>
    </ClInclude>
  </ItemGroup>
</Project>